# THIS IS AN AUTOGENERATED FILE. DO NOT EDIT THIS FILE DIRECTLY.
# yarn lockfile v1


react-multi-carousel@^2.6.5:
  version "2.6.5"
  resolved "https://registry.yarnpkg.com/react-multi-carousel/-/react-multi-carousel-2.6.5.tgz#faeceb697b138c7a1c403c58ddc5f33cfc19b3f2"
  integrity sha512-i5iuAm5XRT/h7uBL9/pGWeRsQXzqvjBrPVP1sobKgDKEvfZuKFpYp/alaQhTRM56Jtkb8jZpSqLn52Ku6jJbDg==
